
Microsoft Visual Studio Solution File, Format Version 12.00
# Visual Studio Version 16
VisualStudioVersion = 16.0.32002.261
MinimumVisualStudioVersion = 10.0.40219.1
Project("{9A19103F-16F7-4668-BE54-9A1E7A4F7556}") = "UniversalHelmod", "UniversalHelmod\UniversalHelmod.csproj", "{FB3D8C0F-4604-4B98-B705-59F18336156E}"
EndProject
Project("{9A19103F-16F7-4668-BE54-9A1E7A4F7556}") = "TestCalculator", "TestCalculator\TestCalculator.csproj", "{17FE47D7-5177-4AD9-9138-8CAE56B23FEB}"
EndProject
Global
	GlobalSection(SolutionConfigurationPlatforms) = preSolution
		Debug|Any CPU = Debug|Any CPU
		Release|Any CPU = Release|Any CPU
	EndGlobalSection
	GlobalSection(ProjectConfigurationPlatforms) = postSolution
		{FB3D8C0F-4604-4B98-B705-59F18336156E}.Debug|Any CPU.ActiveCfg = Debug|Any CPU
		{FB3D8C0F-4604-4B98-B705-59F18336156E}.Debug|Any CPU.Build.0 = Debug|Any CPU
		{FB3D8C0F-4604-4B98-B705-59F18336156E}.Release|Any CPU.ActiveCfg = Release|Any CPU
		{FB3D8C0F-4604-4B98-B705-59F18336156E}.Release|Any CPU.Build.0 = Release|Any CPU
		{17FE47D7-5177-4AD9-9138-8CAE56B23FEB}.Debug|Any CPU.ActiveCfg = Debug|Any CPU
		{17FE47D7-5177-4AD9-9138-8CAE56B23FEB}.Debug|Any CPU.Build.0 = Debug|Any CPU
		{17FE47D7-5177-4AD9-9138-8CAE56B23FEB}.Release|Any CPU.ActiveCfg = Release|Any CPU
		{17FE47D7-5177-4AD9-9138-8CAE56B23FEB}.Release|Any CPU.Build.0 = Release|Any CPU
	EndGlobalSection
	GlobalSection(SolutionProperties) = preSolution
		HideSolutionNode = FALSE
	EndGlobalSection
	GlobalSection(ExtensibilityGlobals) = postSolution
		SolutionGuid = {211136B1-9AB1-454B-B5AB-C50449465FDA}
	EndGlobalSection
EndGlobal
